
Microsoft Visual Studio Solution File, Format Version 12.00
# Visual Studio 2013
VisualStudioVersion = 12.0.30723.0
MinimumVisualStudioVersion = 10.0.40219.1
Project("{FAE04EC0-301F-11D3-BF4B-00C04F79EFBC}") = "EventTickets", "EventTickets\EventTickets.csproj", "{00089234-E904-4D98-B799-3BF94FF4AF7C}"
EndProject
Project("{2150E333-8FDC-42A3-9474-1A3956D46DE8}") = "service", "service", "{6862D88E-81B8-4B29-9FE2-A9A4F275D5A1}"
EndProject
Project("{2150E333-8FDC-42A3-9474-1A3956D46DE8}") = "client", "client", "{F7570C7B-E9F3-4CCA-BCF9-77181616075B}"
EndProject
Project("{FAE04EC0-301F-11D3-BF4B-00C04F79EFBC}") = "EventTickets.Model", "EventTickets.Model\EventTickets.Model.csproj", "{9EB1C1BE-626E-44E8-82C2-5835EE407E43}"
EndProject
Project("{FAE04EC0-301F-11D3-BF4B-00C04F79EFBC}") = "EventTickets.Repository", "EventTickets.Repository\EventTickets.Repository.csproj", "{9D09CA40-6EDB-45EA-84EE-A88D7058F6C0}"
EndProject
Global
	GlobalSection(SolutionConfigurationPlatforms) = preSolution
		Debug|Any CPU = Debug|Any CPU
		Release|Any CPU = Release|Any CPU
	EndGlobalSection
	GlobalSection(ProjectConfigurationPlatforms) = postSolution
		{00089234-E904-4D98-B799-3BF94FF4AF7C}.Debug|Any CPU.ActiveCfg = Debug|Any CPU
		{00089234-E904-4D98-B799-3BF94FF4AF7C}.Debug|Any CPU.Build.0 = Debug|Any CPU
		{00089234-E904-4D98-B799-3BF94FF4AF7C}.Release|Any CPU.ActiveCfg = Release|Any CPU
		{00089234-E904-4D98-B799-3BF94FF4AF7C}.Release|Any CPU.Build.0 = Release|Any CPU
		{9EB1C1BE-626E-44E8-82C2-5835EE407E43}.Debug|Any CPU.ActiveCfg = Debug|Any CPU
		{9EB1C1BE-626E-44E8-82C2-5835EE407E43}.Debug|Any CPU.Build.0 = Debug|Any CPU
		{9EB1C1BE-626E-44E8-82C2-5835EE407E43}.Release|Any CPU.ActiveCfg = Release|Any CPU
		{9EB1C1BE-626E-44E8-82C2-5835EE407E43}.Release|Any CPU.Build.0 = Release|Any CPU
		{9D09CA40-6EDB-45EA-84EE-A88D7058F6C0}.Debug|Any CPU.ActiveCfg = Debug|Any CPU
		{9D09CA40-6EDB-45EA-84EE-A88D7058F6C0}.Debug|Any CPU.Build.0 = Debug|Any CPU
		{9D09CA40-6EDB-45EA-84EE-A88D7058F6C0}.Release|Any CPU.ActiveCfg = Release|Any CPU
		{9D09CA40-6EDB-45EA-84EE-A88D7058F6C0}.Release|Any CPU.Build.0 = Release|Any CPU
	EndGlobalSection
	GlobalSection(SolutionProperties) = preSolution
		HideSolutionNode = FALSE
	EndGlobalSection
	GlobalSection(NestedProjects) = preSolution
		{9EB1C1BE-626E-44E8-82C2-5835EE407E43} = {6862D88E-81B8-4B29-9FE2-A9A4F275D5A1}
		{9D09CA40-6EDB-45EA-84EE-A88D7058F6C0} = {6862D88E-81B8-4B29-9FE2-A9A4F275D5A1}
	EndGlobalSection
EndGlobal
